// !$*UTF8*$!
{
	archiveVersion = 1;
	classes = {
	};
	objectVersion = 46;
	objects = {

/* Begin PBXBuildFile section */
		61EBF66C196F2D5C007DF7E1 /* Foundation.framework in Frameworks */ = {isa = PBXBuildFile; fileRef = 61EBF66B196F2D5C007DF7E1 /* Foundation.framework */; };
		61EBF66E196F2D5C007DF7E1 /* CoreGraphics.framework in Frameworks */ = {isa = PBXBuildFile; fileRef = 61EBF66D196F2D5C007DF7E1 /* CoreGraphics.framework */; };
		61EBF670196F2D5C007DF7E1 /* UIKit.framework in Frameworks */ = {isa = PBXBuildFile; fileRef = 61EBF66F196F2D5C007DF7E1 /* UIKit.framework */; };
		61EBF676196F2D5C007DF7E1 /* InfoPlist.strings in Resources */ = {isa = PBXBuildFile; fileRef = 61EBF674196F2D5C007DF7E1 /* InfoPlist.strings */; };
		61EBF678196F2D5C007DF7E1 /* main.m in Sources */ = {isa = PBXBuildFile; fileRef = 61EBF677196F2D5C007DF7E1 /* main.m */; };
		61EBF67C196F2D5C007DF7E1 /* AppDelegate.m in Sources */ = {isa = PBXBuildFile; fileRef = 61EBF67B196F2D5C007DF7E1 /* AppDelegate.m */; };
		61EBF67F196F2D5C007DF7E1 /* Main.storyboard in Resources */ = {isa = PBXBuildFile; fileRef = 61EBF67D196F2D5C007DF7E1 /* Main.storyboard */; };
		61EBF682196F2D5C007DF7E1 /* MainViewController.m in Sources */ = {isa = PBXBuildFile; fileRef = 61EBF681196F2D5C007DF7E1 /* MainViewController.m */; };
		61EBF685196F2D5C007DF7E1 /* FlipsideViewController.m in Sources */ = {isa = PBXBuildFile; fileRef = 61EBF684196F2D5C007DF7E1 /* FlipsideViewController.m */; };
		61EBF687196F2D5C007DF7E1 /* Images.xcassets in Resources */ = {isa = PBXBuildFile; fileRef = 61EBF686196F2D5C007DF7E1 /* Images.xcassets */; };
		61EBF68E196F2D5C007DF7E1 /* XCTest.framework in Frameworks */ = {isa = PBXBuildFile; fileRef = 61EBF68D196F2D5C007DF7E1 /* XCTest.framework */; };
		61EBF68F196F2D5C007DF7E1 /* Foundation.framework in Frameworks */ = {isa = PBXBuildFile; fileRef = 61EBF66B196F2D5C007DF7E1 /* Foundation.framework */; };
		61EBF690196F2D5C007DF7E1 /* UIKit.framework in Frameworks */ = {isa = PBXBuildFile; fileRef = 61EBF66F196F2D5C007DF7E1 /* UIKit.framework */; };
		61EBF698196F2D5C007DF7E1 /* InfoPlist.strings in Resources */ = {isa = PBXBuildFile; fileRef = 61EBF696196F2D5C007DF7E1 /* InfoPlist.strings */; };
		61EBF69A196F2D5C007DF7E1 /* exercicio04Tests.m in Sources */ = {isa = PBXBuildFile; fileRef = 61EBF699196F2D5C007DF7E1 /* exercicio04Tests.m */; };
/* End PBXBuildFile section */

/* Begin PBXContainerItemProxy section */
		61EBF691196F2D5C007DF7E1 /* PBXContainerItemProxy */ = {
			isa = PBXContainerItemProxy;
			containerPortal = 61EBF660196F2D5B007DF7E1 /* Project object */;
			proxyType = 1;
			remoteGlobalIDString = 61EBF667196F2D5C007DF7E1;
			remoteInfo = exercicio04;
		};
/* End PBXContainerItemProxy section */

/* Begin PBXFileReference section */
		61EBF668196F2D5C007DF7E1 /* exercicio04.app */ = {isa = PBXFileReference; explicitFileType = wrapper.application; includeInIndex = 0; path = exercicio04.app; sourceTree = BUILT_PRODUCTS_DIR; };
		61EBF66B196F2D5C007DF7E1 /* Foundation.framework */ = {isa = PBXFileReference; lastKnownFileType = wrapper.framework; name = Foundation.framework; path = System/Library/Frameworks/Foundation.framework; sourceTree = SDKROOT; };
		61EBF66D196F2D5C007DF7E1 /* CoreGraphics.framework */ = {isa = PBXFileReference; lastKnownFileType = wrapper.framework; name = CoreGraphics.framework; path = System/Library/Frameworks/CoreGraphics.framework; sourceTree = SDKROOT; };
		61EBF66F196F2D5C007DF7E1 /* UIKit.framework */ = {isa = PBXFileReference; lastKnownFileType = wrapper.framework; name = UIKit.framework; path = System/Library/Frameworks/UIKit.framework; sourceTree = SDKROOT; };
		61EBF673196F2D5C007DF7E1 /* exercicio04-Info.plist */ = {isa = PBXFileReference; lastKnownFileType = text.plist.xml; path = "exercicio04-Info.plist"; sourceTree = "<group>"; };
		61EBF675196F2D5C007DF7E1 /* en */ = {isa = PBXFileReference; lastKnownFileType = text.plist.strings; name = en; path = en.lproj/InfoPlist.strings; sourceTree = "<group>"; };
		61EBF677196F2D5C007DF7E1 /* main.m */ = {isa = PBXFileReference; lastKnownFileType = sourcecode.c.objc; path = main.m; sourceTree = "<group>"; };
		61EBF679196F2D5C007DF7E1 /* exercicio04-Prefix.pch */ = {isa = PBXFileReference; lastKnownFileType = sourcecode.c.h; path = "exercicio04-Prefix.pch"; sourceTree = "<group>"; };
		61EBF67A196F2D5C007DF7E1 /* AppDelegate.h */ = {isa = PBXFileReference; lastKnownFileType = sourcecode.c.h; path = AppDelegate.h; sourceTree = "<group>"; };
		61EBF67B196F2D5C007DF7E1 /* AppDelegate.m */ = {isa = PBXFileReference; lastKnownFileType = sourcecode.c.objc; path = AppDelegate.m; sourceTree = "<group>"; };
		61EBF67E196F2D5C007DF7E1 /* Base */ = {isa = PBXFileReference; lastKnownFileType = file.storyboard; name = Base; path = Base.lproj/Main.storyboard; sourceTree = "<group>"; };
		61EBF680196F2D5C007DF7E1 /* MainViewController.h */ = {isa = PBXFileReference; lastKnownFileType = sourcecode.c.h; path = MainViewController.h; sourceTree = "<group>"; };
		61EBF681196F2D5C007DF7E1 /* MainViewController.m */ = {isa = PBXFileReference; lastKnownFileType = sourcecode.c.objc; path = MainViewController.m; sourceTree = "<group>"; };
		61EBF683196F2D5C007DF7E1 /* FlipsideViewController.h */ = {isa = PBXFileReference; lastKnownFileType = sourcecode.c.h; path = FlipsideViewController.h; sourceTree = "<group>"; };
		61EBF684196F2D5C007DF7E1 /* FlipsideViewController.m */ = {isa = PBXFileReference; lastKnownFileType = sourcecode.c.objc; path = FlipsideViewController.m; sourceTree = "<group>"; };
		61EBF686196F2D5C007DF7E1 /* Images.xcassets */ = {isa = PBXFileReference; lastKnownFileType = folder.assetcatalog; path = Images.xcassets; sourceTree = "<group>"; };
		61EBF68C196F2D5C007DF7E1 /* exercicio04Tests.xctest */ = {isa = PBXFileReference; explicitFileType = wrapper.cfbundle; includeInIndex = 0; path = exercicio04Tests.xctest; sourceTree = BUILT_PRODUCTS_DIR; };
		61EBF68D196F2D5C007DF7E1 /* XCTest.framework */ = {isa = PBXFileReference; lastKnownFileType = wrapper.framework; name = XCTest.framework; path = Library/Frameworks/XCTest.framework; sourceTree = DEVELOPER_DIR; };
		61EBF695196F2D5C007DF7E1 /* exercicio04Tests-Info.plist */ = {isa = PBXFileReference; lastKnownFileType = text.plist.xml; path = "exercicio04Tests-Info.plist"; sourceTree = "<group>"; };
		61EBF697196F2D5C007DF7E1 /* en */ = {isa = PBXFileReference; lastKnownFileType = text.plist.strings; name = en; path = en.lproj/InfoPlist.strings; sourceTree = "<group>"; };
		61EBF699196F2D5C007DF7E1 /* exercicio04Tests.m */ = {isa = PBXFileReference; lastKnownFileType = sourcecode.c.objc; path = exercicio04Tests.m; sourceTree = "<group>"; };
/* End PBXFileReference section */

/* Begin PBXFrameworksBuildPhase section */
		61EBF665196F2D5C007DF7E1 /* Frameworks */ = {
			isa = PBXFrameworksBuildPhase;
			buildActionMask = 2147483647;
			files = (
				61EBF66E196F2D5C007DF7E1 /* CoreGraphics.framework in Frameworks */,
				61EBF670196F2D5C007DF7E1 /* UIKit.framework in Frameworks */,
				61EBF66C196F2D5C007DF7E1 /* Foundation.framework in Frameworks */,
			);
			runOnlyForDeploymentPostprocessing = 0;
		};
		61EBF689196F2D5C007DF7E1 /* Frameworks */ = {
			isa = PBXFrameworksBuildPhase;
			buildActionMask = 2147483647;
			files = (
				61EBF68E196F2D5C007DF7E1 /* XCTest.framework in Frameworks */,
				61EBF690196F2D5C007DF7E1 /* UIKit.framework in Frameworks */,
				61EBF68F196F2D5C007DF7E1 /* Foundation.framework in Frameworks */,
			);
			runOnlyForDeploymentPostprocessing = 0;
		};
/* End PBXFrameworksBuildPhase section */

/* Begin PBXGroup section */
		61EBF65F196F2D5B007DF7E1 = {
			isa = PBXGroup;
			children = (
				61EBF671196F2D5C007DF7E1 /* exercicio04 */,
				61EBF693196F2D5C007DF7E1 /* exercicio04Tests */,
				61EBF66A196F2D5C007DF7E1 /* Frameworks */,
				61EBF669196F2D5C007DF7E1 /* Products */,
			);
			sourceTree = "<group>";
		};
		61EBF669196F2D5C007DF7E1 /* Products */ = {
			isa = PBXGroup;
			children = (
				61EBF668196F2D5C007DF7E1 /* exercicio04.app */,
				61EBF68C196F2D5C007DF7E1 /* exercicio04Tests.xctest */,
			);
			name = Products;
			sourceTree = "<group>";
		};
		61EBF66A196F2D5C007DF7E1 /* Frameworks */ = {
			isa = PBXGroup;
			children = (
				61EBF66B196F2D5C007DF7E1 /* Foundation.framework */,
				61EBF66D196F2D5C007DF7E1 /* CoreGraphics.framework */,
				61EBF66F196F2D5C007DF7E1 /* UIKit.framework */,
				61EBF68D196F2D5C007DF7E1 /* XCTest.framework */,
			);
			name = Frameworks;
			sourceTree = "<group>";
		};
		61EBF671196F2D5C007DF7E1 /* exercicio04 */ = {
			isa = PBXGroup;
			children = (
				61EBF67A196F2D5C007DF7E1 /* AppDelegate.h */,
				61EBF67B196F2D5C007DF7E1 /* AppDelegate.m */,
				61EBF67D196F2D5C007DF7E1 /* Main.storyboard */,
				61EBF680196F2D5C007DF7E1 /* MainViewController.h */,
				61EBF681196F2D5C007DF7E1 /* MainViewController.m */,
				61EBF683196F2D5C007DF7E1 /* FlipsideViewController.h */,
				61EBF684196F2D5C007DF7E1 /* FlipsideViewController.m */,
				61EBF686196F2D5C007DF7E1 /* Images.xcassets */,
				61EBF672196F2D5C007DF7E1 /* Supporting Files */,
			);
			path = exercicio04;
			sourceTree = "<group>";
		};
		61EBF672196F2D5C007DF7E1 /* Supporting Files */ = {
			isa = PBXGroup;
			children = (
				61EBF673196F2D5C007DF7E1 /* exercicio04-Info.plist */,
				61EBF674196F2D5C007DF7E1 /* InfoPlist.strings */,
				61EBF677196F2D5C007DF7E1 /* main.m */,
				61EBF679196F2D5C007DF7E1 /* exercicio04-Prefix.pch */,
			);
			name = "Supporting Files";
			sourceTree = "<group>";
		};
		61EBF693196F2D5C007DF7E1 /* exercicio04Tests */ = {
			isa = PBXGroup;
			children = (
				61EBF699196F2D5C007DF7E1 /* exercicio04Tests.m */,
				61EBF694196F2D5C007DF7E1 /* Supporting Files */,
			);
			path = exercicio04Tests;
			sourceTree = "<group>";
		};
		61EBF694196F2D5C007DF7E1 /* Supporting Files */ = {
			isa = PBXGroup;
			children = (
				61EBF695196F2D5C007DF7E1 /* exercicio04Tests-Info.plist */,
				61EBF696196F2D5C007DF7E1 /* InfoPlist.strings */,
			);
			name = "Supporting Files";
			sourceTree = "<group>";
		};
/* End PBXGroup section */

/* Begin PBXNativeTarget section */
		61EBF667196F2D5C007DF7E1 /* exercicio04 */ = {
			isa = PBXNativeTarget;
			buildConfigurationList = 61EBF69D196F2D5C007DF7E1 /* Build configuration list for PBXNativeTarget "exercicio04" */;
			buildPhases = (
				61EBF664196F2D5C007DF7E1 /* Sources */,
				61EBF665196F2D5C007DF7E1 /* Frameworks */,
				61EBF666196F2D5C007DF7E1 /* Resources */,
			);
			buildRules = (
			);
			dependencies = (
			);
			name = exercicio04;
			productName = exercicio04;
			productReference = 61EBF668196F2D5C007DF7E1 /* exercicio04.app */;
			productType = "com.apple.product-type.application";
		};
		61EBF68B196F2D5C007DF7E1 /* exercicio04Tests */ = {
			isa = PBXNativeTarget;
			buildConfigurationList = 61EBF6A0196F2D5C007DF7E1 /* Build configuration list for PBXNativeTarget "exercicio04Tests" */;
			buildPhases = (
				61EBF688196F2D5C007DF7E1 /* Sources */,
				61EBF689196F2D5C007DF7E1 /* Frameworks */,
				61EBF68A196F2D5C007DF7E1 /* Resources */,
			);
			buildRules = (
			);
			dependencies = (
				61EBF692196F2D5C007DF7E1 /* PBXTargetDependency */,
			);
			name = exercicio04Tests;
			productName = exercicio04Tests;
			productReference = 61EBF68C196F2D5C007DF7E1 /* exercicio04Tests.xctest */;
			productType = "com.apple.product-type.bundle.unit-test";
		};
/* End PBXNativeTarget section */

/* Begin PBXProject section */
		61EBF660196F2D5B007DF7E1 /* Project object */ = {
			isa = PBXProject;
			attributes = {
				LastUpgradeCheck = 0510;
				ORGANIZATIONNAME = "Jackson F. de A. Mafra";
				TargetAttributes = {
					61EBF68B196F2D5C007DF7E1 = {
						TestTargetID = 61EBF667196F2D5C007DF7E1;
					};
				};
			};
			buildConfigurationList = 61EBF663196F2D5B007DF7E1 /* Build configuration list for PBXProject "exercicio04" */;
			compatibilityVersion = "Xcode 3.2";
			developmentRegion = English;
			hasScannedForEncodings = 0;
			knownRegions = (
				en,
				Base,
			);
			mainGroup = 61EBF65F196F2D5B007DF7E1;
			productRefGroup = 61EBF669196F2D5C007DF7E1 /* Products */;
			projectDirPath = "";
			projectRoot = "";
			targets = (
				61EBF667196F2D5C007DF7E1 /* exercicio04 */,
				61EBF68B196F2D5C007DF7E1 /* exercicio04Tests */,
			);
		};
/* End PBXProject section */

/* Begin PBXResourcesBuildPhase section */
		61EBF666196F2D5C007DF7E1 /* Resources */ = {
			isa = PBXResourcesBuildPhase;
			buildActionMask = 2147483647;
			files = (
				61EBF687196F2D5C007DF7E1 /* Images.xcassets in Resources */,
				61EBF676196F2D5C007DF7E1 /* InfoPlist.strings in Resources */,
				61EBF67F196F2D5C007DF7E1 /* Main.storyboard in Resources */,
			);
			runOnlyForDeploymentPostprocessing = 0;
		};
		61EBF68A196F2D5C007DF7E1 /* Resources */ = {
			isa = PBXResourcesBuildPhase;
			buildActionMask = 2147483647;
			files = (
				61EBF698196F2D5C007DF7E1 /* InfoPlist.strings in Resources */,
			);
			runOnlyForDeploymentPostprocessing = 0;
		};
/* End PBXResourcesBuildPhase section */

/* Begin PBXSourcesBuildPhase section */
		61EBF664196F2D5C007DF7E1 /* Sources */ = {
			isa = PBXSourcesBuildPhase;
			buildActionMask = 2147483647;
			files = (
				61EBF67C196F2D5C007DF7E1 /* AppDelegate.m in Sources */,
				61EBF682196F2D5C007DF7E1 /* MainViewController.m in Sources */,
				61EBF685196F2D5C007DF7E1 /* FlipsideViewController.m in Sources */,
				61EBF678196F2D5C007DF7E1 /* main.m in Sources */,
			);
			runOnlyForDeploymentPostprocessing = 0;
		};
		61EBF688196F2D5C007DF7E1 /* Sources */ = {
			isa = PBXSourcesBuildPhase;
			buildActionMask = 2147483647;
			files = (
				61EBF69A196F2D5C007DF7E1 /* exercicio04Tests.m in Sources */,
			);
			runOnlyForDeploymentPostprocessing = 0;
		};
/* End PBXSourcesBuildPhase section */

/* Begin PBXTargetDependency section */
		61EBF692196F2D5C007DF7E1 /* PBXTargetDependency */ = {
			isa = PBXTargetDependency;
			target = 61EBF667196F2D5C007DF7E1 /* exercicio04 */;
			targetProxy = 61EBF691196F2D5C007DF7E1 /* PBXContainerItemProxy */;
		};
/* End PBXTargetDependency section */

/* Begin PBXVariantGroup section */
		61EBF674196F2D5C007DF7E1 /* InfoPlist.strings */ = {
			isa = PBXVariantGroup;
			children = (
				61EBF675196F2D5C007DF7E1 /* en */,
			);
			name = InfoPlist.strings;
			sourceTree = "<group>";
		};
		61EBF67D196F2D5C007DF7E1 /* Main.storyboard */ = {
			isa = PBXVariantGroup;
			children = (
				61EBF67E196F2D5C007DF7E1 /* Base */,
			);
			name = Main.storyboard;
			sourceTree = "<group>";
		};
		61EBF696196F2D5C007DF7E1 /* InfoPlist.strings */ = {
			isa = PBXVariantGroup;
			children = (
				61EBF697196F2D5C007DF7E1 /* en */,
			);
			name = InfoPlist.strings;
			sourceTree = "<group>";
		};
/* End PBXVariantGroup section */

/* Begin XCBuildConfiguration section */
		61EBF69B196F2D5C007DF7E1 /* Debug */ = {
			isa = XCBuildConfiguration;
			buildSettings = {
				ALWAYS_SEARCH_USER_PATHS = NO;
				CLANG_CXX_LANGUAGE_STANDARD = "gnu++0x";
				CLANG_CXX_LIBRARY = "libc++";
				CLANG_ENABLE_MODULES = YES;
				CLANG_ENABLE_OBJC_ARC = YES;
				CLANG_WARN_BOOL_CONVERSION = YES;
				CLANG_WARN_CONSTANT_CONVERSION = YES;
				CLANG_WARN_DIRECT_OBJC_ISA_USAGE = YES_ERROR;
				CLANG_WARN_EMPTY_BODY = YES;
				CLANG_WARN_ENUM_CONVERSION = YES;
				CLANG_WARN_INT_CONVERSION = YES;
				CLANG_WARN_OBJC_ROOT_CLASS = YES_ERROR;
				CLANG_WARN__DUPLICATE_METHOD_MATCH = YES;
				"CODE_SIGN_IDENTITY[sdk=iphoneos*]" = "iPhone Developer";
				COPY_PHASE_STRIP = NO;
				GCC_C_LANGUAGE_STANDARD = gnu99;
				GCC_DYNAMIC_NO_PIC = NO;
				GCC_OPTIMIZATION_LEVEL = 0;
				GCC_PREPROCESSOR_DEFINITIONS = (
					"DEBUG=1",
					"$(inherited)",
				);
				GCC_SYMBOLS_PRIVATE_EXTERN = NO;
				GCC_WARN_64_TO_32_BIT_CONVERSION = YES;
				GCC_WARN_ABOUT_RETURN_TYPE = YES_ERROR;
				GCC_WARN_UNDECLARED_SELECTOR = YES;
				GCC_WARN_UNINITIALIZED_AUTOS = YES_AGGRESSIVE;
				GCC_WARN_UNUSED_FUNCTION = YES;
				GCC_WARN_UNUSED_VARIABLE = YES;
				IPHONEOS_DEPLOYMENT_TARGET = 7.1;
				ONLY_ACTIVE_ARCH = YES;
				SDKROOT = iphoneos;
			};
			name = Debug;
		};
		61EBF69C196F2D5C007DF7E1 /* Release */ = {
			isa = XCBuildConfiguration;
			buildSettings = {
				ALWAYS_SEARCH_USER_PATHS = NO;
				CLANG_CXX_LANGUAGE_STANDARD = "gnu++0x";
				CLANG_CXX_LIBRARY = "libc++";
				CLANG_ENABLE_MODULES = YES;
				CLANG_ENABLE_OBJC_ARC = YES;
				CLANG_WARN_BOOL_CONVERSION = YES;
				CLANG_WARN_CONSTANT_CONVERSION = YES;
				CLANG_WARN_DIRECT_OBJC_ISA_USAGE = YES_ERROR;
				CLANG_WARN_EMPTY_BODY = YES;
				CLANG_WARN_ENUM_CONVERSION = YES;
				CLANG_WARN_INT_CONVERSION = YES;
				CLANG_WARN_OBJC_ROOT_CLASS = YES_ERROR;
				CLANG_WARN__DUPLICATE_METHOD_MATCH = YES;
				"CODE_SIGN_IDENTITY[sdk=iphoneos*]" = "iPhone Developer";
				COPY_PHASE_STRIP = YES;
				ENABLE_NS_ASSERTIONS = NO;
				GCC_C_LANGUAGE_STANDARD = gnu99;
				GCC_WARN_64_TO_32_BIT_CONVERSION = YES;
				GCC_WARN_ABOUT_RETURN_TYPE = YES_ERROR;
				GCC_WARN_UNDECLARED_SELECTOR = YES;
				GCC_WARN_UNINITIALIZED_AUTOS = YES_AGGRESSIVE;
				GCC_WARN_UNUSED_FUNCTION = YES;
				GCC_WARN_UNUSED_VARIABLE = YES;
				IPHONEOS_DEPLOYMENT_TARGET = 7.1;
				SDKROOT = iphoneos;
				VALIDATE_PRODUCT = YES;
			};
			name = Release;
		};
		61EBF69E196F2D5C007DF7E1 /* Debug */ = {
			isa = XCBuildConfiguration;
			buildSettings = {
				ASSETCATALOG_COMPILER_APPICON_NAME = AppIcon;
				ASSETCATALOG_COMPILER_LAUNCHIMAGE_NAME = LaunchImage;
				GCC_PRECOMPILE_PREFIX_HEADER = YES;
				GCC_PREFIX_HEADER = "exercicio04/exercicio04-Prefix.pch";
				INFOPLIST_FILE = "exercicio04/exercicio04-Info.plist";
				PRODUCT_NAME = "$(TARGET_NAME)";
				WRAPPER_EXTENSION = app;
			};
			name = Debug;
		};
		61EBF69F196F2D5C007DF7E1 /* Release */ = {
			isa = XCBuildConfiguration;
			buildSettings = {
				ASSETCATALOG_COMPILER_APPICON_NAME = AppIcon;
				ASSETCATALOG_COMPILER_LAUNCHIMAGE_NAME = LaunchImage;
				GCC_PRECOMPILE_PREFIX_HEADER = YES;
				GCC_PREFIX_HEADER = "exercicio04/exercicio04-Prefix.pch";
				INFOPLIST_FILE = "exercicio04/exercicio04-Info.plist";
				PRODUCT_NAME = "$(TARGET_NAME)";
				WRAPPER_EXTENSION = app;
			};
			name = Release;
		};
		61EBF6A1196F2D5C007DF7E1 /* Debug */ = {
			isa = XCBuildConfiguration;
			buildSettings = {
				BUNDLE_LOADER = "$(BUILT_PRODUCTS_DIR)/exercicio04.app/exercicio04";
				FRAMEWORK_SEARCH_PATHS = (
					"$(SDKROOT)/Developer/Library/Frameworks",
					"$(inherited)",
					"$(DEVELOPER_FRAMEWORKS_DIR)",
				);
				GCC_PRECOMPILE_PREFIX_HEADER = YES;
				GCC_PREFIX_HEADER = "exercicio04/exercicio04-Prefix.pch";
				GCC_PREPROCESSOR_DEFINITIONS = (
					"DEBUG=1",
					"$(inherited)",
				);
				INFOPLIST_FILE = "exercicio04Tests/exercicio04Tests-Info.plist";
				PRODUCT_NAME = "$(TARGET_NAME)";
				TEST_HOST = "$(BUNDLE_LOADER)";
				WRAPPER_EXTENSION = xctest;
			};
			name = Debug;
		};
		61EBF6A2196F2D5C007DF7E1 /* Release */ = {
			isa = XCBuildConfiguration;
			buildSettings = {
				BUNDLE_LOADER = "$(BUILT_PRODUCTS_DIR)/exercicio04.app/exercicio04";
				FRAMEWORK_SEARCH_PATHS = (
					"$(SDKROOT)/Developer/Library/Frameworks",
					"$(inherited)",
					"$(DEVELOPER_FRAMEWORKS_DIR)",
				);
				GCC_PRECOMPILE_PREFIX_HEADER = YES;
				GCC_PREFIX_HEADER = "exercicio04/exercicio04-Prefix.pch";
				INFOPLIST_FILE = "exercicio04Tests/exercicio04Tests-Info.plist";
				PRODUCT_NAME = "$(TARGET_NAME)";
				TEST_HOST = "$(BUNDLE_LOADER)";
				WRAPPER_EXTENSION = xctest;
			};
			name = Release;
		};
/* End XCBuildConfiguration section */

/* Begin XCConfigurationList section */
		61EBF663196F2D5B007DF7E1 /* Build configuration list for PBXProject "exercicio04" */ = {
			isa = XCConfigurationList;
			buildConfigurations = (
				61EBF69B196F2D5C007DF7E1 /* Debug */,
				61EBF69C196F2D5C007DF7E1 /* Release */,
			);
			defaultConfigurationIsVisible = 0;
			defaultConfigurationName = Release;
		};
		61EBF69D196F2D5C007DF7E1 /* Build configuration list for PBXNativeTarget "exercicio04" */ = {
			isa = XCConfigurationList;
			buildConfigurations = (
				61EBF69E196F2D5C007DF7E1 /* Debug */,
				61EBF69F196F2D5C007DF7E1 /* Release */,
			);
			defaultConfigurationIsVisible = 0;
		};
		61EBF6A0196F2D5C007DF7E1 /* Build configuration list for PBXNativeTarget "exercicio04Tests" */ = {
			isa = XCConfigurationList;
			buildConfigurations = (
				61EBF6A1196F2D5C007DF7E1 /* Debug */,
				61EBF6A2196F2D5C007DF7E1 /* Release */,
			);
			defaultConfigurationIsVisible = 0;
		};
/* End XCConfigurationList section */
	};
	rootObject = 61EBF660196F2D5B007DF7E1 /* Project object */;
}
